
Microsoft Visual Studio Solution File, Format Version 12.00
# Visual Studio Version 17
VisualStudioVersion = 17.1.32328.378
MinimumVisualStudioVersion = 10.0.40219.1
Project("{2150E333-8FDC-42A3-9474-1A3956D46DE8}") = "Solution Items", "Solution Items", "{5F81F40F-028F-4E1B-9DE9-37E4BE3F9CA5}"
	ProjectSection(SolutionItems) = preProject
		.editorconfig = .editorconfig
		.gitignore = .gitignore
		README.md = README.md
		version.json = version.json
	EndProjectSection
EndProject
Project("{9A19103F-16F7-4668-BE54-9A1E7A4F7556}") = "DungeonBotGame", "DungeonBotGame\DungeonBotGame.csproj", "{BE54BAC9-9944-46CC-887B-746F235D2D9C}"
EndProject
Project("{9A19103F-16F7-4668-BE54-9A1E7A4F7556}") = "DungeonBotGame.Web", "DungeonBotGame.Web\DungeonBotGame.Web.csproj", "{C8170EE9-69F7-4827-8CFB-05C1B692BBA1}"
EndProject
Project("{9A19103F-16F7-4668-BE54-9A1E7A4F7556}") = "DungeonBotGame.Tests", "DungeonBotGame.Tests\DungeonBotGame.Tests.csproj", "{9D94114B-2A9F-4052-9C6D-9441D1D3C65E}"
EndProject
Project("{9A19103F-16F7-4668-BE54-9A1E7A4F7556}") = "DungeonBotGame.SampleGame", "DungeonBotGame.SampleGame\DungeonBotGame.SampleGame.csproj", "{460C37D1-EE35-4761-9EE7-7E6B701C9BD3}"
EndProject
Project("{9A19103F-16F7-4668-BE54-9A1E7A4F7556}") = "DungeonBotGame.SourceGenerators", "DungeonBotGame.SourceGenerators\DungeonBotGame.SourceGenerators.csproj", "{ECE1E8ED-6BC0-4231-8AA5-CC8C50C97339}"
EndProject
Global
	GlobalSection(SolutionConfigurationPlatforms) = preSolution
		Debug|Any CPU = Debug|Any CPU
		Release|Any CPU = Release|Any CPU
	EndGlobalSection
	GlobalSection(ProjectConfigurationPlatforms) = postSolution
		{BE54BAC9-9944-46CC-887B-746F235D2D9C}.Debug|Any CPU.ActiveCfg = Debug|Any CPU
		{BE54BAC9-9944-46CC-887B-746F235D2D9C}.Debug|Any CPU.Build.0 = Debug|Any CPU
		{BE54BAC9-9944-46CC-887B-746F235D2D9C}.Release|Any CPU.ActiveCfg = Release|Any CPU
		{BE54BAC9-9944-46CC-887B-746F235D2D9C}.Release|Any CPU.Build.0 = Release|Any CPU
		{C8170EE9-69F7-4827-8CFB-05C1B692BBA1}.Debug|Any CPU.ActiveCfg = Debug|Any CPU
		{C8170EE9-69F7-4827-8CFB-05C1B692BBA1}.Debug|Any CPU.Build.0 = Debug|Any CPU
		{C8170EE9-69F7-4827-8CFB-05C1B692BBA1}.Release|Any CPU.ActiveCfg = Release|Any CPU
		{C8170EE9-69F7-4827-8CFB-05C1B692BBA1}.Release|Any CPU.Build.0 = Release|Any CPU
		{9D94114B-2A9F-4052-9C6D-9441D1D3C65E}.Debug|Any CPU.ActiveCfg = Debug|Any CPU
		{9D94114B-2A9F-4052-9C6D-9441D1D3C65E}.Debug|Any CPU.Build.0 = Debug|Any CPU
		{9D94114B-2A9F-4052-9C6D-9441D1D3C65E}.Release|Any CPU.ActiveCfg = Release|Any CPU
		{9D94114B-2A9F-4052-9C6D-9441D1D3C65E}.Release|Any CPU.Build.0 = Release|Any CPU
		{460C37D1-EE35-4761-9EE7-7E6B701C9BD3}.Debug|Any CPU.ActiveCfg = Debug|Any CPU
		{460C37D1-EE35-4761-9EE7-7E6B701C9BD3}.Debug|Any CPU.Build.0 = Debug|Any CPU
		{460C37D1-EE35-4761-9EE7-7E6B701C9BD3}.Release|Any CPU.ActiveCfg = Release|Any CPU
		{460C37D1-EE35-4761-9EE7-7E6B701C9BD3}.Release|Any CPU.Build.0 = Release|Any CPU
		{ECE1E8ED-6BC0-4231-8AA5-CC8C50C97339}.Debug|Any CPU.ActiveCfg = Debug|Any CPU
		{ECE1E8ED-6BC0-4231-8AA5-CC8C50C97339}.Debug|Any CPU.Build.0 = Debug|Any CPU
		{ECE1E8ED-6BC0-4231-8AA5-CC8C50C97339}.Release|Any CPU.ActiveCfg = Release|Any CPU
		{ECE1E8ED-6BC0-4231-8AA5-CC8C50C97339}.Release|Any CPU.Build.0 = Release|Any CPU
	EndGlobalSection
	GlobalSection(SolutionProperties) = preSolution
		HideSolutionNode = FALSE
	EndGlobalSection
	GlobalSection(ExtensibilityGlobals) = postSolution
		SolutionGuid = {818AC140-026F-4D14-996B-33E85A02C8D1}
	EndGlobalSection
EndGlobal
